
Microsoft Visual Studio Solution File, Format Version 12.00
# Visual Studio Version 17
VisualStudioVersion = 17.7.34031.279
MinimumVisualStudioVersion = 10.0.40219.1
Project("{F184B08F-C81C-45F6-A57F-5ABD9991F28F}") = "RIZKI NURPADILAH 2021230056", "RIZKI NURPADILAH 2021230056.vbproj", "{B2EDD051-2094-4059-9444-1E4F622084DF}"
EndProject
Global
	GlobalSection(SolutionConfigurationPlatforms) = preSolution
		Debug|Any CPU = Debug|Any CPU
		Release|Any CPU = Release|Any CPU
	EndGlobalSection
	GlobalSection(ProjectConfigurationPlatforms) = postSolution
		{B2EDD051-2094-4059-9444-1E4F622084DF}.Debug|Any CPU.ActiveCfg = Debug|Any CPU
		{B2EDD051-2094-4059-9444-1E4F622084DF}.Debug|Any CPU.Build.0 = Debug|Any CPU
		{B2EDD051-2094-4059-9444-1E4F622084DF}.Release|Any CPU.ActiveCfg = Release|Any CPU
		{B2EDD051-2094-4059-9444-1E4F622084DF}.Release|Any CPU.Build.0 = Release|Any CPU
	EndGlobalSection
	GlobalSection(SolutionProperties) = preSolution
		HideSolutionNode = FALSE
	EndGlobalSection
	GlobalSection(ExtensibilityGlobals) = postSolution
		SolutionGuid = {C4FFCE91-0162-4A44-8762-EB5788524CFF}
	EndGlobalSection
EndGlobal
