
Microsoft Visual Studio Solution File, Format Version 12.00
# Visual Studio Version 17
VisualStudioVersion = 17.7.34031.279
MinimumVisualStudioVersion = 10.0.40219.1
Project("{F184B08F-C81C-45F6-A57F-5ABD9991F28F}") = "Rizki Nurpadilah 2021230056", "Rizki Nurpadilah 2021230056.vbproj", "{B1F6DA54-8C4A-4831-B611-19678EF384B5}"
EndProject
Global
	GlobalSection(SolutionConfigurationPlatforms) = preSolution
		Debug|Any CPU = Debug|Any CPU
		Release|Any CPU = Release|Any CPU
	EndGlobalSection
	GlobalSection(ProjectConfigurationPlatforms) = postSolution
		{B1F6DA54-8C4A-4831-B611-19678EF384B5}.Debug|Any CPU.ActiveCfg = Debug|Any CPU
		{B1F6DA54-8C4A-4831-B611-19678EF384B5}.Debug|Any CPU.Build.0 = Debug|Any CPU
		{B1F6DA54-8C4A-4831-B611-19678EF384B5}.Release|Any CPU.ActiveCfg = Release|Any CPU
		{B1F6DA54-8C4A-4831-B611-19678EF384B5}.Release|Any CPU.Build.0 = Release|Any CPU
	EndGlobalSection
	GlobalSection(SolutionProperties) = preSolution
		HideSolutionNode = FALSE
	EndGlobalSection
	GlobalSection(ExtensibilityGlobals) = postSolution
		SolutionGuid = {9F9D7A0E-FAB2-4D97-AF21-D9ECD7DBFF8A}
	EndGlobalSection
EndGlobal
